
Microsoft Visual Studio Solution File, Format Version 12.00
# Visual Studio Version 17
VisualStudioVersion = 17.10.35122.118
MinimumVisualStudioVersion = 10.0.40219.1
Project("{9A19103F-16F7-4668-BE54-9A1E7A4F7556}") = "API", "API\API.csproj", "{4152D5E2-F4A6-41A7-B594-6210D360C21C}"
EndProject
Project("{9A19103F-16F7-4668-BE54-9A1E7A4F7556}") = "Core", "Core\Core.csproj", "{61BEE09F-F5E0-4D73-9355-6B030974CAA2}"
EndProject
Project("{9A19103F-16F7-4668-BE54-9A1E7A4F7556}") = "Infrastructure", "Infrastructure\Infrastructure.csproj", "{D50C9BFD-28F3-4EE8-A177-E2C1AA27A1FA}"
EndProject
Project("{E53339B2-1760-4266-BCC7-CA923CBCF16C}") = "docker-compose", "docker-compose.dcproj", "{5E0BDEB5-76B8-490B-B94F-632308508C13}"
EndProject
Project("{54A90642-561A-4BB1-A94E-469ADEE60C69}") = "client", "client\client.esproj", "{B99521AD-F269-4AC4-AF0E-72BD833817ED}"
EndProject
Global
	GlobalSection(SolutionConfigurationPlatforms) = preSolution
		Debug|Any CPU = Debug|Any CPU
		Release|Any CPU = Release|Any CPU
	EndGlobalSection
	GlobalSection(ProjectConfigurationPlatforms) = postSolution
		{4152D5E2-F4A6-41A7-B594-6210D360C21C}.Debug|Any CPU.ActiveCfg = Debug|Any CPU
		{4152D5E2-F4A6-41A7-B594-6210D360C21C}.Debug|Any CPU.Build.0 = Debug|Any CPU
		{4152D5E2-F4A6-41A7-B594-6210D360C21C}.Release|Any CPU.ActiveCfg = Release|Any CPU
		{4152D5E2-F4A6-41A7-B594-6210D360C21C}.Release|Any CPU.Build.0 = Release|Any CPU
		{61BEE09F-F5E0-4D73-9355-6B030974CAA2}.Debug|Any CPU.ActiveCfg = Debug|Any CPU
		{61BEE09F-F5E0-4D73-9355-6B030974CAA2}.Debug|Any CPU.Build.0 = Debug|Any CPU
		{61BEE09F-F5E0-4D73-9355-6B030974CAA2}.Release|Any CPU.ActiveCfg = Release|Any CPU
		{61BEE09F-F5E0-4D73-9355-6B030974CAA2}.Release|Any CPU.Build.0 = Release|Any CPU
		{D50C9BFD-28F3-4EE8-A177-E2C1AA27A1FA}.Debug|Any CPU.ActiveCfg = Debug|Any CPU
		{D50C9BFD-28F3-4EE8-A177-E2C1AA27A1FA}.Debug|Any CPU.Build.0 = Debug|Any CPU
		{D50C9BFD-28F3-4EE8-A177-E2C1AA27A1FA}.Release|Any CPU.ActiveCfg = Release|Any CPU
		{D50C9BFD-28F3-4EE8-A177-E2C1AA27A1FA}.Release|Any CPU.Build.0 = Release|Any CPU
		{5E0BDEB5-76B8-490B-B94F-632308508C13}.Debug|Any CPU.ActiveCfg = Debug|Any CPU
		{5E0BDEB5-76B8-490B-B94F-632308508C13}.Debug|Any CPU.Build.0 = Debug|Any CPU
		{5E0BDEB5-76B8-490B-B94F-632308508C13}.Release|Any CPU.ActiveCfg = Release|Any CPU
		{5E0BDEB5-76B8-490B-B94F-632308508C13}.Release|Any CPU.Build.0 = Release|Any CPU
		{B99521AD-F269-4AC4-AF0E-72BD833817ED}.Debug|Any CPU.ActiveCfg = Debug|Any CPU
		{B99521AD-F269-4AC4-AF0E-72BD833817ED}.Debug|Any CPU.Build.0 = Debug|Any CPU
		{B99521AD-F269-4AC4-AF0E-72BD833817ED}.Debug|Any CPU.Deploy.0 = Debug|Any CPU
		{B99521AD-F269-4AC4-AF0E-72BD833817ED}.Release|Any CPU.ActiveCfg = Release|Any CPU
		{B99521AD-F269-4AC4-AF0E-72BD833817ED}.Release|Any CPU.Build.0 = Release|Any CPU
		{B99521AD-F269-4AC4-AF0E-72BD833817ED}.Release|Any CPU.Deploy.0 = Release|Any CPU
	EndGlobalSection
	GlobalSection(SolutionProperties) = preSolution
		HideSolutionNode = FALSE
	EndGlobalSection
	GlobalSection(ExtensibilityGlobals) = postSolution
		SolutionGuid = {5016D5DA-E22E-4695-AF35-33429F132607}
	EndGlobalSection
EndGlobal
